
Microsoft Visual Studio Solution File, Format Version 12.00
# Visual Studio Version 16
VisualStudioVersion = 16.0.31205.134
MinimumVisualStudioVersion = 10.0.40219.1
Project("{8BC9CEB8-8B4A-11D0-8D11-00A0C91BC942}") = "LCN-API", "LCN-API\LCN-API.vcxproj", "{D50236A7-AE47-4080-AEDB-2CF84E9C1DB5}"
EndProject
Project("{8BC9CEB8-8B4A-11D0-8D11-00A0C91BC942}") = "LCN-Server", "LCN-Server\LCN-Server.vcxproj", "{43A8B480-AAF7-43B6-BB5F-F4675E441573}"
EndProject
Project("{8BC9CEB8-8B4A-11D0-8D11-00A0C91BC942}") = "LCN-Client", "LCN-Client\LCN-Client.vcxproj", "{8472D729-5E04-426B-8F46-B2445DDC21EA}"
EndProject
Global
	GlobalSection(SolutionConfigurationPlatforms) = preSolution
		Debug|x64 = Debug|x64
		Debug|x86 = Debug|x86
		Release|x64 = Release|x64
		Release|x86 = Release|x86
	EndGlobalSection
	GlobalSection(ProjectConfigurationPlatforms) = postSolution
		{D50236A7-AE47-4080-AEDB-2CF84E9C1DB5}.Debug|x64.ActiveCfg = Debug|x64
		{D50236A7-AE47-4080-AEDB-2CF84E9C1DB5}.Debug|x64.Build.0 = Debug|x64
		{D50236A7-AE47-4080-AEDB-2CF84E9C1DB5}.Debug|x86.ActiveCfg = Debug|Win32
		{D50236A7-AE47-4080-AEDB-2CF84E9C1DB5}.Debug|x86.Build.0 = Debug|Win32
		{D50236A7-AE47-4080-AEDB-2CF84E9C1DB5}.Release|x64.ActiveCfg = Release|x64
		{D50236A7-AE47-4080-AEDB-2CF84E9C1DB5}.Release|x64.Build.0 = Release|x64
		{D50236A7-AE47-4080-AEDB-2CF84E9C1DB5}.Release|x86.ActiveCfg = Release|Win32
		{D50236A7-AE47-4080-AEDB-2CF84E9C1DB5}.Release|x86.Build.0 = Release|Win32
		{43A8B480-AAF7-43B6-BB5F-F4675E441573}.Debug|x64.ActiveCfg = Debug|x64
		{43A8B480-AAF7-43B6-BB5F-F4675E441573}.Debug|x64.Build.0 = Debug|x64
		{43A8B480-AAF7-43B6-BB5F-F4675E441573}.Debug|x86.ActiveCfg = Debug|Win32
		{43A8B480-AAF7-43B6-BB5F-F4675E441573}.Debug|x86.Build.0 = Debug|Win32
		{43A8B480-AAF7-43B6-BB5F-F4675E441573}.Release|x64.ActiveCfg = Release|x64
		{43A8B480-AAF7-43B6-BB5F-F4675E441573}.Release|x64.Build.0 = Release|x64
		{43A8B480-AAF7-43B6-BB5F-F4675E441573}.Release|x86.ActiveCfg = Release|Win32
		{43A8B480-AAF7-43B6-BB5F-F4675E441573}.Release|x86.Build.0 = Release|Win32
		{8472D729-5E04-426B-8F46-B2445DDC21EA}.Debug|x64.ActiveCfg = Debug|x64
		{8472D729-5E04-426B-8F46-B2445DDC21EA}.Debug|x64.Build.0 = Debug|x64
		{8472D729-5E04-426B-8F46-B2445DDC21EA}.Debug|x86.ActiveCfg = Debug|Win32
		{8472D729-5E04-426B-8F46-B2445DDC21EA}.Debug|x86.Build.0 = Debug|Win32
		{8472D729-5E04-426B-8F46-B2445DDC21EA}.Release|x64.ActiveCfg = Release|x64
		{8472D729-5E04-426B-8F46-B2445DDC21EA}.Release|x64.Build.0 = Release|x64
		{8472D729-5E04-426B-8F46-B2445DDC21EA}.Release|x86.ActiveCfg = Release|Win32
		{8472D729-5E04-426B-8F46-B2445DDC21EA}.Release|x86.Build.0 = Release|Win32
	EndGlobalSection
	GlobalSection(SolutionProperties) = preSolution
		HideSolutionNode = FALSE
	EndGlobalSection
	GlobalSection(ExtensibilityGlobals) = postSolution
		SolutionGuid = {4C12071C-72C0-43C2-BAFA-9DF464317FEA}
	EndGlobalSection
EndGlobal
